
Microsoft Visual Studio Solution File, Format Version 12.00
# Visual Studio Version 17
VisualStudioVersion = 17.2.32630.192
MinimumVisualStudioVersion = 10.0.40219.1
Project("{9A19103F-16F7-4668-BE54-9A1E7A4F7556}") = "LojaAPI", "LojaAPI\LojaAPI.csproj", "{851D607B-F1BA-4BD9-AFD5-509617CEB1BC}"
EndProject
Project("{9A19103F-16F7-4668-BE54-9A1E7A4F7556}") = "LojaAPITests", "LojaAPITests\LojaAPITests.csproj", "{76DA7BCF-2364-40B3-BD19-D66AE10E3745}"
EndProject
Project("{2150E333-8FDC-42A3-9474-1A3956D46DE8}") = "Solution Items", "Solution Items", "{24D7841C-504A-491D-BDA1-CE6DBD672C37}"
	ProjectSection(SolutionItems) = preProject
		.editorconfig = .editorconfig
	EndProjectSection
EndProject
Global
	GlobalSection(SolutionConfigurationPlatforms) = preSolution
		Debug|Any CPU = Debug|Any CPU
		Release|Any CPU = Release|Any CPU
	EndGlobalSection
	GlobalSection(ProjectConfigurationPlatforms) = postSolution
		{851D607B-F1BA-4BD9-AFD5-509617CEB1BC}.Debug|Any CPU.ActiveCfg = Debug|Any CPU
		{851D607B-F1BA-4BD9-AFD5-509617CEB1BC}.Debug|Any CPU.Build.0 = Debug|Any CPU
		{851D607B-F1BA-4BD9-AFD5-509617CEB1BC}.Release|Any CPU.ActiveCfg = Release|Any CPU
		{851D607B-F1BA-4BD9-AFD5-509617CEB1BC}.Release|Any CPU.Build.0 = Release|Any CPU
		{76DA7BCF-2364-40B3-BD19-D66AE10E3745}.Debug|Any CPU.ActiveCfg = Debug|Any CPU
		{76DA7BCF-2364-40B3-BD19-D66AE10E3745}.Debug|Any CPU.Build.0 = Debug|Any CPU
		{76DA7BCF-2364-40B3-BD19-D66AE10E3745}.Release|Any CPU.ActiveCfg = Release|Any CPU
		{76DA7BCF-2364-40B3-BD19-D66AE10E3745}.Release|Any CPU.Build.0 = Release|Any CPU
	EndGlobalSection
	GlobalSection(SolutionProperties) = preSolution
		HideSolutionNode = FALSE
	EndGlobalSection
	GlobalSection(ExtensibilityGlobals) = postSolution
		SolutionGuid = {6DF7A142-02FD-4972-A882-B16BCB2A99F9}
	EndGlobalSection
EndGlobal
